{
  "name": "db-eazy",
  "version": "1.0.4",
  "lockfileVersion": 1,
  "requires": true,
  "dependencies": {
    "@types/nanoid": {
      "version": "2.1.0",
      "resolved": "https://registry.npmjs.org/@types/nanoid/-/nanoid-2.1.0.tgz",
      "integrity": "sha512-xdkn/oRTA0GSNPLIKZgHWqDTWZsVrieKomxJBOQUK9YDD+zfSgmwD5t4WJYra5S7XyhTw7tfvwznW+pFexaepQ==",
      "dev": true,
      "requires": {
        "@types/node": "*"
      }
    },
    "@types/node": {
      "version": "14.11.5",
      "resolved": "https://registry.npmjs.org/@types/node/-/node-14.11.5.tgz",
      "integrity": "sha512-jVFzDV6NTbrLMxm4xDSIW/gKnk8rQLF9wAzLWIOg+5nU6ACrIMndeBdXci0FGtqJbP9tQvm6V39eshc96TO2wQ==",
      "dev": true
    },
    "nanoid": {
      "version": "3.1.12",
      "resolved": "https://registry.npmjs.org/nanoid/-/nanoid-3.1.12.tgz",
      "integrity": "sha512-1qstj9z5+x491jfiC4Nelk+f8XBad7LN20PmyWINJEMRSf3wcAjAWysw1qaA8z6NSKe2sjq1hRSDpBH5paCb6A=="
    },
    "typescript": {
      "version": "4.0.3",
      "resolved": "https://registry.npmjs.org/typescript/-/typescript-4.0.3.tgz",
      "integrity": "sha512-tEu6DGxGgRJPb/mVPIZ48e69xCn2yRmCgYmDugAVwmJ6o+0u1RI18eO7E7WBTLYLaEVVOhwQmcdhQHweux/WPg==",
      "dev": true
    }
  }
}
